PODS:
  - BSHHousekeeperLog (1.0.0):
    - Masonry
  - Masonry (1.1.0)

DEPENDENCIES:
  - BSHHousekeeperLog (from `../`)

SPEC REPOS:
  https://github.com/CocoaPods/Specs:
    - Masonry

EXTERNAL SOURCES:
  BSHHousekeeperLog:
    :path: "../"

SPEC CHECKSUMS:
  BSHHousekeeperLog: f9e9657d55814882e679acc9efd0ff8117ca250e
  Masonry: 678fab65091a9290e40e2832a55e7ab731aad201

PODFILE CHECKSUM: a7337af95fea1db1ea78fe7ca6ac9973b92ffe43

COCOAPODS: 1.10.1
